
Microsoft Visual Studio Solution File, Format Version 12.00
# Visual Studio Version 17
VisualStudioVersion = 17.2.32616.157
MinimumVisualStudioVersion = 10.0.40219.1
Project("{FAE04EC0-301F-11D3-BF4B-00C04F79EFBC}") = "csharp", "csharp.csproj", "{176C0214-9136-4079-8DAB-11D7420C3881}"
EndProject
Project("{FAE04EC0-301F-11D3-BF4B-00C04F79EFBC}") = "ShiMartTest", "ShiMartTest\ShiMartTest.csproj", "{8D4D572F-95B9-4B00-A549-75B91EF8A3CC}"
EndProject
Global
	GlobalSection(SolutionConfigurationPlatforms) = preSolution
		Debug|Any CPU = Debug|Any CPU
		Release|Any CPU = Release|Any CPU
	EndGlobalSection
	GlobalSection(ProjectConfigurationPlatforms) = postSolution
		{176C0214-9136-4079-8DAB-11D7420C3881}.Debug|Any CPU.ActiveCfg = Debug|Any CPU
		{176C0214-9136-4079-8DAB-11D7420C3881}.Debug|Any CPU.Build.0 = Debug|Any CPU
		{176C0214-9136-4079-8DAB-11D7420C3881}.Release|Any CPU.ActiveCfg = Release|Any CPU
		{176C0214-9136-4079-8DAB-11D7420C3881}.Release|Any CPU.Build.0 = Release|Any CPU
		{8D4D572F-95B9-4B00-A549-75B91EF8A3CC}.Debug|Any CPU.ActiveCfg = Debug|Any CPU
		{8D4D572F-95B9-4B00-A549-75B91EF8A3CC}.Debug|Any CPU.Build.0 = Debug|Any CPU
		{8D4D572F-95B9-4B00-A549-75B91EF8A3CC}.Release|Any CPU.ActiveCfg = Release|Any CPU
		{8D4D572F-95B9-4B00-A549-75B91EF8A3CC}.Release|Any CPU.Build.0 = Release|Any CPU
	EndGlobalSection
	GlobalSection(SolutionProperties) = preSolution
		HideSolutionNode = FALSE
	EndGlobalSection
	GlobalSection(ExtensibilityGlobals) = postSolution
		SolutionGuid = {E7E3AF74-4966-4818-A2FE-05ED4BA32EBF}
	EndGlobalSection
EndGlobal
